
Microsoft Visual Studio Solution File, Format Version 12.00
# Visual Studio Version 17
VisualStudioVersion = 17.8.34322.80
MinimumVisualStudioVersion = 10.0.40219.1
Project("{FAE04EC0-301F-11D3-BF4B-00C04F79EFBC}") = "BlazorAppIdentityDotNet8", "BlazorAppIdentityDotNet8\BlazorAppIdentityDotNet8.csproj", "{271010D7-4303-416A-8791-9FC7B26C08F1}"
EndProject
Project("{FAE04EC0-301F-11D3-BF4B-00C04F79EFBC}") = "BlazorAppIdentityDotNet8.Client", "BlazorAppIdentityDotNet8.Client\BlazorAppIdentityDotNet8.Client.csproj", "{A0D9042C-1FAE-4107-A912-810B1C9ADBB5}"
EndProject
Global
	GlobalSection(SolutionConfigurationPlatforms) = preSolution
		Debug|Any CPU = Debug|Any CPU
		Release|Any CPU = Release|Any CPU
	EndGlobalSection
	GlobalSection(ProjectConfigurationPlatforms) = postSolution
		{271010D7-4303-416A-8791-9FC7B26C08F1}.Debug|Any CPU.ActiveCfg = Debug|Any CPU
		{271010D7-4303-416A-8791-9FC7B26C08F1}.Debug|Any CPU.Build.0 = Debug|Any CPU
		{271010D7-4303-416A-8791-9FC7B26C08F1}.Release|Any CPU.ActiveCfg = Release|Any CPU
		{271010D7-4303-416A-8791-9FC7B26C08F1}.Release|Any CPU.Build.0 = Release|Any CPU
		{A0D9042C-1FAE-4107-A912-810B1C9ADBB5}.Debug|Any CPU.ActiveCfg = Debug|Any CPU
		{A0D9042C-1FAE-4107-A912-810B1C9ADBB5}.Debug|Any CPU.Build.0 = Debug|Any CPU
		{A0D9042C-1FAE-4107-A912-810B1C9ADBB5}.Release|Any CPU.ActiveCfg = Release|Any CPU
		{A0D9042C-1FAE-4107-A912-810B1C9ADBB5}.Release|Any CPU.Build.0 = Release|Any CPU
	EndGlobalSection
	GlobalSection(SolutionProperties) = preSolution
		HideSolutionNode = FALSE
	EndGlobalSection
	GlobalSection(ExtensibilityGlobals) = postSolution
		SolutionGuid = {73FA81D3-1A01-456B-9D11-8CD19B014333}
	EndGlobalSection
EndGlobal
